// !$*UTF8*$!
{
	archiveVersion = 1;
	classes = {
	};
	objectVersion = 50;
	objects = {

/* Begin PBXBuildFile section */
		9615B09C20DEA89400335ECA /* AppDelegate.swift in Sources */ = {isa = PBXBuildFile; fileRef = 9615B09B20DEA89400335ECA /* AppDelegate.swift */; };
		9615B09E20DEA89400335ECA /* ViewController.swift in Sources */ = {isa = PBXBuildFile; fileRef = 9615B09D20DEA89400335ECA /* ViewController.swift */; };
		9615B0A120DEA89400335ECA /* Main.storyboard in Resources */ = {isa = PBXBuildFile; fileRef = 9615B09F20DEA89400335ECA /* Main.storyboard */; };
		9615B0A320DEA89500335ECA /* Assets.xcassets in Resources */ = {isa = PBXBuildFile; fileRef = 9615B0A220DEA89500335ECA /* Assets.xcassets */; };
		9615B0AF20DEF88900335ECA /* RightRightToch.swift in Sources */ = {isa = PBXBuildFile; fileRef = 9615B0AE20DEF88900335ECA /* RightRightToch.swift */; };
		9615B0B120DEFC8F00335ECA /* Card.swift in Sources */ = {isa = PBXBuildFile; fileRef = 9615B0B020DEFC8F00335ECA /* Card.swift */; };
/* End PBXBuildFile section */

/* Begin PBXFileReference section */
		9615B09820DEA89400335ECA /* Right Right Touch.app */ = {isa = PBXFileReference; explicitFileType = wrapper.application; includeInIndex = 0; path = "Right Right Touch.app"; sourceTree = BUILT_PRODUCTS_DIR; };
		9615B09B20DEA89400335ECA /* AppDelegate.swift */ = {isa = PBXFileReference; lastKnownFileType = sourcecode.swift; path = AppDelegate.swift; sourceTree = "<group>"; };
		9615B09D20DEA89400335ECA /* ViewController.swift */ = {isa = PBXFileReference; lastKnownFileType = sourcecode.swift; path = ViewController.swift; sourceTree = "<group>"; };
		9615B0A020DEA89400335ECA /* Base */ = {isa = PBXFileReference; lastKnownFileType = file.storyboard; name = Base; path = Base.lproj/Main.storyboard; sourceTree = "<group>"; };
		9615B0A220DEA89500335ECA /* Assets.xcassets */ = {isa = PBXFileReference; lastKnownFileType = folder.assetcatalog; path = Assets.xcassets; sourceTree = "<group>"; };
		9615B0A720DEA89500335ECA /* Info.plist */ = {isa = PBXFileReference; lastKnownFileType = text.plist.xml; path = Info.plist; sourceTree = "<group>"; };
		9615B0AE20DEF88900335ECA /* RightRightToch.swift */ = {isa = PBXFileReference; lastKnownFileType = sourcecode.swift; path = RightRightToch.swift; sourceTree = "<group>"; };
		9615B0B020DEFC8F00335ECA /* Card.swift */ = {isa = PBXFileReference; lastKnownFileType = sourcecode.swift; path = Card.swift; sourceTree = "<group>"; };
/* End PBXFileReference section */

/* Begin PBXFrameworksBuildPhase section */
		9615B09520DEA89400335ECA /* Frameworks */ = {
			isa = PBXFrameworksBuildPhase;
			buildActionMask = 2147483647;
			files = (
			);
			runOnlyForDeploymentPostprocessing = 0;
		};
/* End PBXFrameworksBuildPhase section */

/* Begin PBXGroup section */
		9615B08F20DEA89400335ECA = {
			isa = PBXGroup;
			children = (
				9615B09A20DEA89400335ECA /* Right Right Touch */,
				9615B09920DEA89400335ECA /* Products */,
			);
			sourceTree = "<group>";
		};
		9615B09920DEA89400335ECA /* Products */ = {
			isa = PBXGroup;
			children = (
				9615B09820DEA89400335ECA /* Right Right Touch.app */,
			);
			name = Products;
			sourceTree = "<group>";
		};
		9615B09A20DEA89400335ECA /* Right Right Touch */ = {
			isa = PBXGroup;
			children = (
				9615B09D20DEA89400335ECA /* ViewController.swift */,
				9615B09F20DEA89400335ECA /* Main.storyboard */,
				9615B0AE20DEF88900335ECA /* RightRightToch.swift */,
				9615B0B020DEFC8F00335ECA /* Card.swift */,
				9615B0A720DEA89500335ECA /* Info.plist */,
				9615B0AD20DEAA9C00335ECA /* SupportingFiles */,
			);
			path = "Right Right Touch";
			sourceTree = "<group>";
		};
		9615B0AD20DEAA9C00335ECA /* SupportingFiles */ = {
			isa = PBXGroup;
			children = (
				9615B09B20DEA89400335ECA /* AppDelegate.swift */,
				9615B0A220DEA89500335ECA /* Assets.xcassets */,
			);
			path = SupportingFiles;
			sourceTree = "<group>";
		};
/* End PBXGroup section */

/* Begin PBXNativeTarget section */
		9615B09720DEA89400335ECA /* Right Right Touch */ = {
			isa = PBXNativeTarget;
			buildConfigurationList = 9615B0AA20DEA89500335ECA /* Build configuration list for PBXNativeTarget "Right Right Touch" */;
			buildPhases = (
				9615B09420DEA89400335ECA /* Sources */,
				9615B09520DEA89400335ECA /* Frameworks */,
				9615B09620DEA89400335ECA /* Resources */,
			);
			buildRules = (
			);
			dependencies = (
			);
			name = "Right Right Touch";
			productName = "Right Right Touch";
			productReference = 9615B09820DEA89400335ECA /* Right Right Touch.app */;
			productType = "com.apple.product-type.application";
		};
/* End PBXNativeTarget section */

/* Begin PBXProject section */
		9615B09020DEA89400335ECA /* Project object */ = {
			isa = PBXProject;
			attributes = {
				LastSwiftUpdateCheck = 0940;
				LastUpgradeCheck = 0940;
				ORGANIZATIONNAME = "Jiaxin Li";
				TargetAttributes = {
					9615B09720DEA89400335ECA = {
						CreatedOnToolsVersion = 9.4.1;
					};
				};
			};
			buildConfigurationList = 9615B09320DEA89400335ECA /* Build configuration list for PBXProject "Right Right Touch" */;
			compatibilityVersion = "Xcode 9.3";
			developmentRegion = en;
			hasScannedForEncodings = 0;
			knownRegions = (
				en,
				Base,
			);
			mainGroup = 9615B08F20DEA89400335ECA;
			productRefGroup = 9615B09920DEA89400335ECA /* Products */;
			projectDirPath = "";
			projectRoot = "";
			targets = (
				9615B09720DEA89400335ECA /* Right Right Touch */,
			);
		};
/* End PBXProject section */

/* Begin PBXResourcesBuildPhase section */
		9615B09620DEA89400335ECA /* Resources */ = {
			isa = PBXResourcesBuildPhase;
			buildActionMask = 2147483647;
			files = (
				9615B0A320DEA89500335ECA /* Assets.xcassets in Resources */,
				9615B0A120DEA89400335ECA /* Main.storyboard in Resources */,
			);
			runOnlyForDeploymentPostprocessing = 0;
		};
/* End PBXResourcesBuildPhase section */

/* Begin PBXSourcesBuildPhase section */
		9615B09420DEA89400335ECA /* Sources */ = {
			isa = PBXSourcesBuildPhase;
			buildActionMask = 2147483647;
			files = (
				9615B09E20DEA89400335ECA /* ViewController.swift in Sources */,
				9615B09C20DEA89400335ECA /* AppDelegate.swift in Sources */,
				9615B0AF20DEF88900335ECA /* RightRightToch.swift in Sources */,
				9615B0B120DEFC8F00335ECA /* Card.swift in Sources */,
			);
			runOnlyForDeploymentPostprocessing = 0;
		};
/* End PBXSourcesBuildPhase section */

/* Begin PBXVariantGroup section */
		9615B09F20DEA89400335ECA /* Main.storyboard */ = {
			isa = PBXVariantGroup;
			children = (
				9615B0A020DEA89400335ECA /* Base */,
			);
			name = Main.storyboard;
			sourceTree = "<group>";
		};
/* End PBXVariantGroup section */

/* Begin XCBuildConfiguration section */
		9615B0A820DEA89500335ECA /* Debug */ = {
			isa = XCBuildConfiguration;
			buildSettings = {
				ALWAYS_SEARCH_USER_PATHS = NO;
				CLANG_ANALYZER_NONNULL = YES;
				CLANG_ANALYZER_NUMBER_OBJECT_CONVERSION = YES_AGGRESSIVE;
				CLANG_CXX_LANGUAGE_STANDARD = "gnu++14";
				CLANG_CXX_LIBRARY = "libc++";
				CLANG_ENABLE_MODULES = YES;
				CLANG_ENABLE_OBJC_ARC = YES;
				CLANG_ENABLE_OBJC_WEAK = YES;
				CLANG_WARN_BLOCK_CAPTURE_AUTORELEASING = YES;
				CLANG_WARN_BOOL_CONVERSION = YES;
				CLANG_WARN_COMMA = YES;
				CLANG_WARN_CONSTANT_CONVERSION = YES;
				CLANG_WARN_DEPRECATED_OBJC_IMPLEMENTATIONS = YES;
				CLANG_WARN_DIRECT_OBJC_ISA_USAGE = YES_ERROR;
				CLANG_WARN_DOCUMENTATION_COMMENTS = YES;
				CLANG_WARN_EMPTY_BODY = YES;
				CLANG_WARN_ENUM_CONVERSION = YES;
				CLANG_WARN_INFINITE_RECURSION = YES;
				CLANG_WARN_INT_CONVERSION = YES;
				CLANG_WARN_NON_LITERAL_NULL_CONVERSION = YES;
				CLANG_WARN_OBJC_IMPLICIT_RETAIN_SELF = YES;
				CLANG_WARN_OBJC_LITERAL_CONVERSION = YES;
				CLANG_WARN_OBJC_ROOT_CLASS = YES_ERROR;
				CLANG_WARN_RANGE_LOOP_ANALYSIS = YES;
				CLANG_WARN_STRICT_PROTOTYPES = YES;
				CLANG_WARN_SUSPICIOUS_MOVE = YES;
				CLANG_WARN_UNGUARDED_AVAILABILITY = YES_AGGRESSIVE;
				CLANG_WARN_UNREACHABLE_CODE = YES;
				CLANG_WARN__DUPLICATE_METHOD_MATCH = YES;
				CODE_SIGN_IDENTITY = "iPhone Developer";
				COPY_PHASE_STRIP = NO;
				DEBUG_INFORMATION_FORMAT = dwarf;
				ENABLE_STRICT_OBJC_MSGSEND = YES;
				ENABLE_TESTABILITY = YES;
				GCC_C_LANGUAGE_STANDARD = gnu11;
				GCC_DYNAMIC_NO_PIC = NO;
				GCC_NO_COMMON_BLOCKS = YES;
				GCC_OPTIMIZATION_LEVEL = 0;
				GCC_PREPROCESSOR_DEFINITIONS = (
					"DEBUG=1",
					"$(inherited)",
				);
				GCC_WARN_64_TO_32_BIT_CONVERSION = YES;
				GCC_WARN_ABOUT_RETURN_TYPE = YES_ERROR;
				GCC_WARN_UNDECLARED_SELECTOR = YES;
				GCC_WARN_UNINITIALIZED_AUTOS = YES_AGGRESSIVE;
				GCC_WARN_UNUSED_FUNCTION = YES;
				GCC_WARN_UNUSED_VARIABLE = YES;
				IPHONEOS_DEPLOYMENT_TARGET = 11.4;
				MTL_ENABLE_DEBUG_INFO = YES;
				ONLY_ACTIVE_ARCH = YES;
				SDKROOT = iphoneos;
				SWIFT_ACTIVE_COMPILATION_CONDITIONS = DEBUG;
				SWIFT_OPTIMIZATION_LEVEL = "-Onone";
			};
			name = Debug;
		};
		9615B0A920DEA89500335ECA /* Release */ = {
			isa = XCBuildConfiguration;
			buildSettings = {
				ALWAYS_SEARCH_USER_PATHS = NO;
				CLANG_ANALYZER_NONNULL = YES;
				CLANG_ANALYZER_NUMBER_OBJECT_CONVERSION = YES_AGGRESSIVE;
				CLANG_CXX_LANGUAGE_STANDARD = "gnu++14";
				CLANG_CXX_LIBRARY = "libc++";
				CLANG_ENABLE_MODULES = YES;
				CLANG_ENABLE_OBJC_ARC = YES;
				CLANG_ENABLE_OBJC_WEAK = YES;
				CLANG_WARN_BLOCK_CAPTURE_AUTORELEASING = YES;
				CLANG_WARN_BOOL_CONVERSION = YES;
				CLANG_WARN_COMMA = YES;
				CLANG_WARN_CONSTANT_CONVERSION = YES;
				CLANG_WARN_DEPRECATED_OBJC_IMPLEMENTATIONS = YES;
				CLANG_WARN_DIRECT_OBJC_ISA_USAGE = YES_ERROR;
				CLANG_WARN_DOCUMENTATION_COMMENTS = YES;
				CLANG_WARN_EMPTY_BODY = YES;
				CLANG_WARN_ENUM_CONVERSION = YES;
				CLANG_WARN_INFINITE_RECURSION = YES;
				CLANG_WARN_INT_CONVERSION = YES;
				CLANG_WARN_NON_LITERAL_NULL_CONVERSION = YES;
				CLANG_WARN_OBJC_IMPLICIT_RETAIN_SELF = YES;
				CLANG_WARN_OBJC_LITERAL_CONVERSION = YES;
				CLANG_WARN_OBJC_ROOT_CLASS = YES_ERROR;
				CLANG_WARN_RANGE_LOOP_ANALYSIS = YES;
				CLANG_WARN_STRICT_PROTOTYPES = YES;
				CLANG_WARN_SUSPICIOUS_MOVE = YES;
				CLANG_WARN_UNGUARDED_AVAILABILITY = YES_AGGRESSIVE;
				CLANG_WARN_UNREACHABLE_CODE = YES;
				CLANG_WARN__DUPLICATE_METHOD_MATCH = YES;
				CODE_SIGN_IDENTITY = "iPhone Developer";
				COPY_PHASE_STRIP = NO;
				DEBUG_INFORMATION_FORMAT = "dwarf-with-dsym";
				ENABLE_NS_ASSERTIONS = NO;
				ENABLE_STRICT_OBJC_MSGSEND = YES;
				GCC_C_LANGUAGE_STANDARD = gnu11;
				GCC_NO_COMMON_BLOCKS = YES;
				GCC_WARN_64_TO_32_BIT_CONVERSION = YES;
				GCC_WARN_ABOUT_RETURN_TYPE = YES_ERROR;
				GCC_WARN_UNDECLARED_SELECTOR = YES;
				GCC_WARN_UNINITIALIZED_AUTOS = YES_AGGRESSIVE;
				GCC_WARN_UNUSED_FUNCTION = YES;
				GCC_WARN_UNUSED_VARIABLE = YES;
				IPHONEOS_DEPLOYMENT_TARGET = 11.4;
				MTL_ENABLE_DEBUG_INFO = NO;
				SDKROOT = iphoneos;
				SWIFT_COMPILATION_MODE = wholemodule;
				SWIFT_OPTIMIZATION_LEVEL = "-O";
				VALIDATE_PRODUCT = YES;
			};
			name = Release;
		};
		9615B0AB20DEA89500335ECA /* Debug */ = {
			isa = XCBuildConfiguration;
			buildSettings = {
				ASSETCATALOG_COMPILER_APPICON_NAME = AppIcon;
				CODE_SIGN_STYLE = Automatic;
				DEVELOPMENT_TEAM = 7WNP7L6966;
				INFOPLIST_FILE = "Right Right Touch/Info.plist";
				LD_RUNPATH_SEARCH_PATHS = (
					"$(inherited)",
					"@executable_path/Frameworks",
				);
				PRODUCT_BUNDLE_IDENTIFIER = "edu.missouri.it4001.jlbwm.Right-Right-Touch";
				PRODUCT_NAME = "$(TARGET_NAME)";
				SWIFT_VERSION = 4.0;
				TARGETED_DEVICE_FAMILY = "1,2";
			};
			name = Debug;
		};
		9615B0AC20DEA89500335ECA /* Release */ = {
			isa = XCBuildConfiguration;
			buildSettings = {
				ASSETCATALOG_COMPILER_APPICON_NAME = AppIcon;
				CODE_SIGN_STYLE = Automatic;
				DEVELOPMENT_TEAM = 7WNP7L6966;
				INFOPLIST_FILE = "Right Right Touch/Info.plist";
				LD_RUNPATH_SEARCH_PATHS = (
					"$(inherited)",
					"@executable_path/Frameworks",
				);
				PRODUCT_BUNDLE_IDENTIFIER = "edu.missouri.it4001.jlbwm.Right-Right-Touch";
				PRODUCT_NAME = "$(TARGET_NAME)";
				SWIFT_VERSION = 4.0;
				TARGETED_DEVICE_FAMILY = "1,2";
			};
			name = Release;
		};
/* End XCBuildConfiguration section */

/* Begin XCConfigurationList section */
		9615B09320DEA89400335ECA /* Build configuration list for PBXProject "Right Right Touch" */ = {
			isa = XCConfigurationList;
			buildConfigurations = (
				9615B0A820DEA89500335ECA /* Debug */,
				9615B0A920DEA89500335ECA /* Release */,
			);
			defaultConfigurationIsVisible = 0;
			defaultConfigurationName = Release;
		};
		9615B0AA20DEA89500335ECA /* Build configuration list for PBXNativeTarget "Right Right Touch" */ = {
			isa = XCConfigurationList;
			buildConfigurations = (
				9615B0AB20DEA89500335ECA /* Debug */,
				9615B0AC20DEA89500335ECA /* Release */,
			);
			defaultConfigurationIsVisible = 0;
			defaultConfigurationName = Release;
		};
/* End XCConfigurationList section */
	};
	rootObject = 9615B09020DEA89400335ECA /* Project object */;
}
